<Solution>
  <Project Path="BookStore.Api/BookStore.Api.csproj" />
  <Project Path="BookStore.Application/BookStore.Application.csproj" />
  <Project Path="BookStore.Domain/BookStore.Domain.csproj" />
  <Project Path="BookStore.Infrastructure/BookStore.Infrastructure.csproj" />
  <Project Path="BookStore.Shared/BookStore.Shared.csproj" />
  <Project Path="BookStore.Web/BookStore.Web.csproj" />
  <Project Path="../tests/BookStore.Application.Tests/BookStore.Application.Tests.csproj" />
</Solution>
